// !$*UTF8*$!
{
	archiveVersion = 1;
	classes = {
	};
	objectVersion = 46;
	objects = {

/* Begin PBXBuildFile section */
		D5692A081F29823B00086892 /* AppDelegate.swift in Sources */ = {isa = PBXBuildFile; fileRef = D5692A071F29823B00086892 /* AppDelegate.swift */; };
		D5692A0A1F29823B00086892 /* ViewController.swift in Sources */ = {isa = PBXBuildFile; fileRef = D5692A091F29823B00086892 /* ViewController.swift */; };
		D5692A0D1F29823B00086892 /* Main.storyboard in Resources */ = {isa = PBXBuildFile; fileRef = D5692A0B1F29823B00086892 /* Main.storyboard */; };
		D5692A0F1F29823B00086892 /* Assets.xcassets in Resources */ = {isa = PBXBuildFile; fileRef = D5692A0E1F29823B00086892 /* Assets.xcassets */; };
		D5692A121F29823B00086892 /* LaunchScreen.storyboard in Resources */ = {isa = PBXBuildFile; fileRef = D5692A101F29823B00086892 /* LaunchScreen.storyboard */; };
		D5692A1D1F29823C00086892 /* AnimateTableViewCellTests.swift in Sources */ = {isa = PBXBuildFile; fileRef = D5692A1C1F29823C00086892 /* AnimateTableViewCellTests.swift */; };
		D5692A281F29823C00086892 /* AnimateTableViewCellUITests.swift in Sources */ = {isa = PBXBuildFile; fileRef = D5692A271F29823C00086892 /* AnimateTableViewCellUITests.swift */; };
/* End PBXBuildFile section */

/* Begin PBXContainerItemProxy section */
		D5692A191F29823C00086892 /* PBXContainerItemProxy */ = {
			isa = PBXContainerItemProxy;
			containerPortal = D56929FC1F29823B00086892 /* Project object */;
			proxyType = 1;
			remoteGlobalIDString = D5692A031F29823B00086892;
			remoteInfo = AnimateTableViewCell;
		};
		D5692A241F29823C00086892 /* PBXContainerItemProxy */ = {
			isa = PBXContainerItemProxy;
			containerPortal = D56929FC1F29823B00086892 /* Project object */;
			proxyType = 1;
			remoteGlobalIDString = D5692A031F29823B00086892;
			remoteInfo = AnimateTableViewCell;
		};
/* End PBXContainerItemProxy section */

/* Begin PBXFileReference section */
		D5692A041F29823B00086892 /* AnimateTableViewCell.app */ = {isa = PBXFileReference; explicitFileType = wrapper.application; includeInIndex = 0; path = AnimateTableViewCell.app; sourceTree = BUILT_PRODUCTS_DIR; };
		D5692A071F29823B00086892 /* AppDelegate.swift */ = {isa = PBXFileReference; lastKnownFileType = sourcecode.swift; path = AppDelegate.swift; sourceTree = "<group>"; };
		D5692A091F29823B00086892 /* ViewController.swift */ = {isa = PBXFileReference; lastKnownFileType = sourcecode.swift; path = ViewController.swift; sourceTree = "<group>"; };
		D5692A0C1F29823B00086892 /* Base */ = {isa = PBXFileReference; lastKnownFileType = file.storyboard; name = Base; path = Base.lproj/Main.storyboard; sourceTree = "<group>"; };
		D5692A0E1F29823B00086892 /* Assets.xcassets */ = {isa = PBXFileReference; lastKnownFileType = folder.assetcatalog; path = Assets.xcassets; sourceTree = "<group>"; };
		D5692A111F29823B00086892 /* Base */ = {isa = PBXFileReference; lastKnownFileType = file.storyboard; name = Base; path = Base.lproj/LaunchScreen.storyboard; sourceTree = "<group>"; };
		D5692A131F29823B00086892 /* Info.plist */ = {isa = PBXFileReference; lastKnownFileType = text.plist.xml; path = Info.plist; sourceTree = "<group>"; };
		D5692A181F29823C00086892 /* AnimateTableViewCellTests.xctest */ = {isa = PBXFileReference; explicitFileType = wrapper.cfbundle; includeInIndex = 0; path = AnimateTableViewCellTests.xctest; sourceTree = BUILT_PRODUCTS_DIR; };
		D5692A1C1F29823C00086892 /* AnimateTableViewCellTests.swift */ = {isa = PBXFileReference; lastKnownFileType = sourcecode.swift; path = AnimateTableViewCellTests.swift; sourceTree = "<group>"; };
		D5692A1E1F29823C00086892 /* Info.plist */ = {isa = PBXFileReference; lastKnownFileType = text.plist.xml; path = Info.plist; sourceTree = "<group>"; };
		D5692A231F29823C00086892 /* AnimateTableViewCellUITests.xctest */ = {isa = PBXFileReference; explicitFileType = wrapper.cfbundle; includeInIndex = 0; path = AnimateTableViewCellUITests.xctest; sourceTree = BUILT_PRODUCTS_DIR; };
		D5692A271F29823C00086892 /* AnimateTableViewCellUITests.swift */ = {isa = PBXFileReference; lastKnownFileType = sourcecode.swift; path = AnimateTableViewCellUITests.swift; sourceTree = "<group>"; };
		D5692A291F29823C00086892 /* Info.plist */ = {isa = PBXFileReference; lastKnownFileType = text.plist.xml; path = Info.plist; sourceTree = "<group>"; };
/* End PBXFileReference section */

/* Begin PBXFrameworksBuildPhase section */
		D5692A011F29823B00086892 /* Frameworks */ = {
			isa = PBXFrameworksBuildPhase;
			buildActionMask = 2147483647;
			files = (
			);
			runOnlyForDeploymentPostprocessing = 0;
		};
		D5692A151F29823C00086892 /* Frameworks */ = {
			isa = PBXFrameworksBuildPhase;
			buildActionMask = 2147483647;
			files = (
			);
			runOnlyForDeploymentPostprocessing = 0;
		};
		D5692A201F29823C00086892 /* Frameworks */ = {
			isa = PBXFrameworksBuildPhase;
			buildActionMask = 2147483647;
			files = (
			);
			runOnlyForDeploymentPostprocessing = 0;
		};
/* End PBXFrameworksBuildPhase section */

/* Begin PBXGroup section */
		D56929FB1F29823B00086892 = {
			isa = PBXGroup;
			children = (
				D5692A061F29823B00086892 /* AnimateTableViewCell */,
				D5692A1B1F29823C00086892 /* AnimateTableViewCellTests */,
				D5692A261F29823C00086892 /* AnimateTableViewCellUITests */,
				D5692A051F29823B00086892 /* Products */,
			);
			sourceTree = "<group>";
		};
		D5692A051F29823B00086892 /* Products */ = {
			isa = PBXGroup;
			children = (
				D5692A041F29823B00086892 /* AnimateTableViewCell.app */,
				D5692A181F29823C00086892 /* AnimateTableViewCellTests.xctest */,
				D5692A231F29823C00086892 /* AnimateTableViewCellUITests.xctest */,
			);
			name = Products;
			sourceTree = "<group>";
		};
		D5692A061F29823B00086892 /* AnimateTableViewCell */ = {
			isa = PBXGroup;
			children = (
				D5692A071F29823B00086892 /* AppDelegate.swift */,
				D5692A091F29823B00086892 /* ViewController.swift */,
				D5692A0B1F29823B00086892 /* Main.storyboard */,
				D5692A0E1F29823B00086892 /* Assets.xcassets */,
				D5692A101F29823B00086892 /* LaunchScreen.storyboard */,
				D5692A131F29823B00086892 /* Info.plist */,
			);
			path = AnimateTableViewCell;
			sourceTree = "<group>";
		};
		D5692A1B1F29823C00086892 /* AnimateTableViewCellTests */ = {
			isa = PBXGroup;
			children = (
				D5692A1C1F29823C00086892 /* AnimateTableViewCellTests.swift */,
				D5692A1E1F29823C00086892 /* Info.plist */,
			);
			path = AnimateTableViewCellTests;
			sourceTree = "<group>";
		};
		D5692A261F29823C00086892 /* AnimateTableViewCellUITests */ = {
			isa = PBXGroup;
			children = (
				D5692A271F29823C00086892 /* AnimateTableViewCellUITests.swift */,
				D5692A291F29823C00086892 /* Info.plist */,
			);
			path = AnimateTableViewCellUITests;
			sourceTree = "<group>";
		};
/* End PBXGroup section */

/* Begin PBXNativeTarget section */
		D5692A031F29823B00086892 /* AnimateTableViewCell */ = {
			isa = PBXNativeTarget;
			buildConfigurationList = D5692A2C1F29823C00086892 /* Build configuration list for PBXNativeTarget "AnimateTableViewCell" */;
			buildPhases = (
				D5692A001F29823B00086892 /* Sources */,
				D5692A011F29823B00086892 /* Frameworks */,
				D5692A021F29823B00086892 /* Resources */,
			);
			buildRules = (
			);
			dependencies = (
			);
			name = AnimateTableViewCell;
			productName = AnimateTableViewCell;
			productReference = D5692A041F29823B00086892 /* AnimateTableViewCell.app */;
			productType = "com.apple.product-type.application";
		};
		D5692A171F29823C00086892 /* AnimateTableViewCellTests */ = {
			isa = PBXNativeTarget;
			buildConfigurationList = D5692A2F1F29823C00086892 /* Build configuration list for PBXNativeTarget "AnimateTableViewCellTests" */;
			buildPhases = (
				D5692A141F29823C00086892 /* Sources */,
				D5692A151F29823C00086892 /* Frameworks */,
				D5692A161F29823C00086892 /* Resources */,
			);
			buildRules = (
			);
			dependencies = (
				D5692A1A1F29823C00086892 /* PBXTargetDependency */,
			);
			name = AnimateTableViewCellTests;
			productName = AnimateTableViewCellTests;
			productReference = D5692A181F29823C00086892 /* AnimateTableViewCellTests.xctest */;
			productType = "com.apple.product-type.bundle.unit-test";
		};
		D5692A221F29823C00086892 /* AnimateTableViewCellUITests */ = {
			isa = PBXNativeTarget;
			buildConfigurationList = D5692A321F29823C00086892 /* Build configuration list for PBXNativeTarget "AnimateTableViewCellUITests" */;
			buildPhases = (
				D5692A1F1F29823C00086892 /* Sources */,
				D5692A201F29823C00086892 /* Frameworks */,
				D5692A211F29823C00086892 /* Resources */,
			);
			buildRules = (
			);
			dependencies = (
				D5692A251F29823C00086892 /* PBXTargetDependency */,
			);
			name = AnimateTableViewCellUITests;
			productName = AnimateTableViewCellUITests;
			productReference = D5692A231F29823C00086892 /* AnimateTableViewCellUITests.xctest */;
			productType = "com.apple.product-type.bundle.ui-testing";
		};
/* End PBXNativeTarget section */

/* Begin PBXProject section */
		D56929FC1F29823B00086892 /* Project object */ = {
			isa = PBXProject;
			attributes = {
				LastSwiftUpdateCheck = 0830;
				LastUpgradeCheck = 0830;
				ORGANIZATIONNAME = "qj-vr";
				TargetAttributes = {
					D5692A031F29823B00086892 = {
						CreatedOnToolsVersion = 8.3.3;
						DevelopmentTeam = GJ4D5RTMQ2;
						ProvisioningStyle = Automatic;
					};
					D5692A171F29823C00086892 = {
						CreatedOnToolsVersion = 8.3.3;
						DevelopmentTeam = GJ4D5RTMQ2;
						ProvisioningStyle = Automatic;
						TestTargetID = D5692A031F29823B00086892;
					};
					D5692A221F29823C00086892 = {
						CreatedOnToolsVersion = 8.3.3;
						DevelopmentTeam = GJ4D5RTMQ2;
						ProvisioningStyle = Automatic;
						TestTargetID = D5692A031F29823B00086892;
					};
				};
			};
			buildConfigurationList = D56929FF1F29823B00086892 /* Build configuration list for PBXProject "AnimateTableViewCell" */;
			compatibilityVersion = "Xcode 3.2";
			developmentRegion = English;
			hasScannedForEncodings = 0;
			knownRegions = (
				en,
				Base,
			);
			mainGroup = D56929FB1F29823B00086892;
			productRefGroup = D5692A051F29823B00086892 /* Products */;
			projectDirPath = "";
			projectRoot = "";
			targets = (
				D5692A031F29823B00086892 /* AnimateTableViewCell */,
				D5692A171F29823C00086892 /* AnimateTableViewCellTests */,
				D5692A221F29823C00086892 /* AnimateTableViewCellUITests */,
			);
		};
/* End PBXProject section */

/* Begin PBXResourcesBuildPhase section */
		D5692A021F29823B00086892 /* Resources */ = {
			isa = PBXResourcesBuildPhase;
			buildActionMask = 2147483647;
			files = (
				D5692A121F29823B00086892 /* LaunchScreen.storyboard in Resources */,
				D5692A0F1F29823B00086892 /* Assets.xcassets in Resources */,
				D5692A0D1F29823B00086892 /* Main.storyboard in Resources */,
			);
			runOnlyForDeploymentPostprocessing = 0;
		};
		D5692A161F29823C00086892 /* Resources */ = {
			isa = PBXResourcesBuildPhase;
			buildActionMask = 2147483647;
			files = (
			);
			runOnlyForDeploymentPostprocessing = 0;
		};
		D5692A211F29823C00086892 /* Resources */ = {
			isa = PBXResourcesBuildPhase;
			buildActionMask = 2147483647;
			files = (
			);
			runOnlyForDeploymentPostprocessing = 0;
		};
/* End PBXResourcesBuildPhase section */

/* Begin PBXSourcesBuildPhase section */
		D5692A001F29823B00086892 /* Sources */ = {
			isa = PBXSourcesBuildPhase;
			buildActionMask = 2147483647;
			files = (
				D5692A0A1F29823B00086892 /* ViewController.swift in Sources */,
				D5692A081F29823B00086892 /* AppDelegate.swift in Sources */,
			);
			runOnlyForDeploymentPostprocessing = 0;
		};
		D5692A141F29823C00086892 /* Sources */ = {
			isa = PBXSourcesBuildPhase;
			buildActionMask = 2147483647;
			files = (
				D5692A1D1F29823C00086892 /* AnimateTableViewCellTests.swift in Sources */,
			);
			runOnlyForDeploymentPostprocessing = 0;
		};
		D5692A1F1F29823C00086892 /* Sources */ = {
			isa = PBXSourcesBuildPhase;
			buildActionMask = 2147483647;
			files = (
				D5692A281F29823C00086892 /* AnimateTableViewCellUITests.swift in Sources */,
			);
			runOnlyForDeploymentPostprocessing = 0;
		};
/* End PBXSourcesBuildPhase section */

/* Begin PBXTargetDependency section */
		D5692A1A1F29823C00086892 /* PBXTargetDependency */ = {
			isa = PBXTargetDependency;
			target = D5692A031F29823B00086892 /* AnimateTableViewCell */;
			targetProxy = D5692A191F29823C00086892 /* PBXContainerItemProxy */;
		};
		D5692A251F29823C00086892 /* PBXTargetDependency */ = {
			isa = PBXTargetDependency;
			target = D5692A031F29823B00086892 /* AnimateTableViewCell */;
			targetProxy = D5692A241F29823C00086892 /* PBXContainerItemProxy */;
		};
/* End PBXTargetDependency section */

/* Begin PBXVariantGroup section */
		D5692A0B1F29823B00086892 /* Main.storyboard */ = {
			isa = PBXVariantGroup;
			children = (
				D5692A0C1F29823B00086892 /* Base */,
			);
			name = Main.storyboard;
			sourceTree = "<group>";
		};
		D5692A101F29823B00086892 /* LaunchScreen.storyboard */ = {
			isa = PBXVariantGroup;
			children = (
				D5692A111F29823B00086892 /* Base */,
			);
			name = LaunchScreen.storyboard;
			sourceTree = "<group>";
		};
/* End PBXVariantGroup section */

/* Begin XCBuildConfiguration section */
		D5692A2A1F29823C00086892 /* Debug */ = {
			isa = XCBuildConfiguration;
			buildSettings = {
				ALWAYS_SEARCH_USER_PATHS = NO;
				CLANG_ANALYZER_NONNULL = YES;
				CLANG_ANALYZER_NUMBER_OBJECT_CONVERSION = YES_AGGRESSIVE;
				CLANG_CXX_LANGUAGE_STANDARD = "gnu++0x";
				CLANG_CXX_LIBRARY = "libc++";
				CLANG_ENABLE_MODULES = YES;
				CLANG_ENABLE_OBJC_ARC = YES;
				CLANG_WARN_BOOL_CONVERSION = YES;
				CLANG_WARN_CONSTANT_CONVERSION = YES;
				CLANG_WARN_DIRECT_OBJC_ISA_USAGE = YES_ERROR;
				CLANG_WARN_DOCUMENTATION_COMMENTS = YES;
				CLANG_WARN_EMPTY_BODY = YES;
				CLANG_WARN_ENUM_CONVERSION = YES;
				CLANG_WARN_INFINITE_RECURSION = YES;
				CLANG_WARN_INT_CONVERSION = YES;
				CLANG_WARN_OBJC_ROOT_CLASS = YES_ERROR;
				CLANG_WARN_SUSPICIOUS_MOVE = YES;
				CLANG_WARN_UNREACHABLE_CODE = YES;
				CLANG_WARN__DUPLICATE_METHOD_MATCH = YES;
				"CODE_SIGN_IDENTITY[sdk=iphoneos*]" = "iPhone Developer";
				COPY_PHASE_STRIP = NO;
				DEBUG_INFORMATION_FORMAT = dwarf;
				ENABLE_STRICT_OBJC_MSGSEND = YES;
				ENABLE_TESTABILITY = YES;
				GCC_C_LANGUAGE_STANDARD = gnu99;
				GCC_DYNAMIC_NO_PIC = NO;
				GCC_NO_COMMON_BLOCKS = YES;
				GCC_OPTIMIZATION_LEVEL = 0;
				GCC_PREPROCESSOR_DEFINITIONS = (
					"DEBUG=1",
					"$(inherited)",
				);
				GCC_WARN_64_TO_32_BIT_CONVERSION = YES;
				GCC_WARN_ABOUT_RETURN_TYPE = YES_ERROR;
				GCC_WARN_UNDECLARED_SELECTOR = YES;
				GCC_WARN_UNINITIALIZED_AUTOS = YES_AGGRESSIVE;
				GCC_WARN_UNUSED_FUNCTION = YES;
				GCC_WARN_UNUSED_VARIABLE = YES;
				IPHONEOS_DEPLOYMENT_TARGET = 10.3;
				MTL_ENABLE_DEBUG_INFO = YES;
				ONLY_ACTIVE_ARCH = YES;
				SDKROOT = iphoneos;
				SWIFT_ACTIVE_COMPILATION_CONDITIONS = DEBUG;
				SWIFT_OPTIMIZATION_LEVEL = "-Onone";
			};
			name = Debug;
		};
		D5692A2B1F29823C00086892 /* Release */ = {
			isa = XCBuildConfiguration;
			buildSettings = {
				ALWAYS_SEARCH_USER_PATHS = NO;
				CLANG_ANALYZER_NONNULL = YES;
				CLANG_ANALYZER_NUMBER_OBJECT_CONVERSION = YES_AGGRESSIVE;
				CLANG_CXX_LANGUAGE_STANDARD = "gnu++0x";
				CLANG_CXX_LIBRARY = "libc++";
				CLANG_ENABLE_MODULES = YES;
				CLANG_ENABLE_OBJC_ARC = YES;
				CLANG_WARN_BOOL_CONVERSION = YES;
				CLANG_WARN_CONSTANT_CONVERSION = YES;
				CLANG_WARN_DIRECT_OBJC_ISA_USAGE = YES_ERROR;
				CLANG_WARN_DOCUMENTATION_COMMENTS = YES;
				CLANG_WARN_EMPTY_BODY = YES;
				CLANG_WARN_ENUM_CONVERSION = YES;
				CLANG_WARN_INFINITE_RECURSION = YES;
				CLANG_WARN_INT_CONVERSION = YES;
				CLANG_WARN_OBJC_ROOT_CLASS = YES_ERROR;
				CLANG_WARN_SUSPICIOUS_MOVE = YES;
				CLANG_WARN_UNREACHABLE_CODE = YES;
				CLANG_WARN__DUPLICATE_METHOD_MATCH = YES;
				"CODE_SIGN_IDENTITY[sdk=iphoneos*]" = "iPhone Developer";
				COPY_PHASE_STRIP = NO;
				DEBUG_INFORMATION_FORMAT = "dwarf-with-dsym";
				ENABLE_NS_ASSERTIONS = NO;
				ENABLE_STRICT_OBJC_MSGSEND = YES;
				GCC_C_LANGUAGE_STANDARD = gnu99;
				GCC_NO_COMMON_BLOCKS = YES;
				GCC_WARN_64_TO_32_BIT_CONVERSION = YES;
				GCC_WARN_ABOUT_RETURN_TYPE = YES_ERROR;
				GCC_WARN_UNDECLARED_SELECTOR = YES;
				GCC_WARN_UNINITIALIZED_AUTOS = YES_AGGRESSIVE;
				GCC_WARN_UNUSED_FUNCTION = YES;
				GCC_WARN_UNUSED_VARIABLE = YES;
				IPHONEOS_DEPLOYMENT_TARGET = 10.3;
				MTL_ENABLE_DEBUG_INFO = NO;
				SDKROOT = iphoneos;
				SWIFT_OPTIMIZATION_LEVEL = "-Owholemodule";
				VALIDATE_PRODUCT = YES;
			};
			name = Release;
		};
		D5692A2D1F29823C00086892 /* Debug */ = {
			isa = XCBuildConfiguration;
			buildSettings = {
				ASSETCATALOG_COMPILER_APPICON_NAME = AppIcon;
				DEVELOPMENT_TEAM = GJ4D5RTMQ2;
				INFOPLIST_FILE = AnimateTableViewCell/Info.plist;
				IPHONEOS_DEPLOYMENT_TARGET = 10.0;
				LD_RUNPATH_SEARCH_PATHS = "$(inherited) @executable_path/Frameworks";
				PRODUCT_BUNDLE_IDENTIFIER = "com.qj-vr.AnimateTableViewCell";
				PRODUCT_NAME = "$(TARGET_NAME)";
				SWIFT_VERSION = 3.0;
			};
			name = Debug;
		};
		D5692A2E1F29823C00086892 /* Release */ = {
			isa = XCBuildConfiguration;
			buildSettings = {
				ASSETCATALOG_COMPILER_APPICON_NAME = AppIcon;
				DEVELOPMENT_TEAM = GJ4D5RTMQ2;
				INFOPLIST_FILE = AnimateTableViewCell/Info.plist;
				IPHONEOS_DEPLOYMENT_TARGET = 10.0;
				LD_RUNPATH_SEARCH_PATHS = "$(inherited) @executable_path/Frameworks";
				PRODUCT_BUNDLE_IDENTIFIER = "com.qj-vr.AnimateTableViewCell";
				PRODUCT_NAME = "$(TARGET_NAME)";
				SWIFT_VERSION = 3.0;
			};
			name = Release;
		};
		D5692A301F29823C00086892 /* Debug */ = {
			isa = XCBuildConfiguration;
			buildSettings = {
				ALWAYS_EMBED_SWIFT_STANDARD_LIBRARIES = YES;
				BUNDLE_LOADER = "$(TEST_HOST)";
				DEVELOPMENT_TEAM = GJ4D5RTMQ2;
				INFOPLIST_FILE = AnimateTableViewCellTests/Info.plist;
				LD_RUNPATH_SEARCH_PATHS = "$(inherited) @executable_path/Frameworks @loader_path/Frameworks";
				PRODUCT_BUNDLE_IDENTIFIER = "com.qj-vr.AnimateTableViewCellTests";
				PRODUCT_NAME = "$(TARGET_NAME)";
				SWIFT_VERSION = 3.0;
				TEST_HOST = "$(BUILT_PRODUCTS_DIR)/AnimateTableViewCell.app/AnimateTableViewCell";
			};
			name = Debug;
		};
		D5692A311F29823C00086892 /* Release */ = {
			isa = XCBuildConfiguration;
			buildSettings = {
				ALWAYS_EMBED_SWIFT_STANDARD_LIBRARIES = YES;
				BUNDLE_LOADER = "$(TEST_HOST)";
				DEVELOPMENT_TEAM = GJ4D5RTMQ2;
				INFOPLIST_FILE = AnimateTableViewCellTests/Info.plist;
				LD_RUNPATH_SEARCH_PATHS = "$(inherited) @executable_path/Frameworks @loader_path/Frameworks";
				PRODUCT_BUNDLE_IDENTIFIER = "com.qj-vr.AnimateTableViewCellTests";
				PRODUCT_NAME = "$(TARGET_NAME)";
				SWIFT_VERSION = 3.0;
				TEST_HOST = "$(BUILT_PRODUCTS_DIR)/AnimateTableViewCell.app/AnimateTableViewCell";
			};
			name = Release;
		};
		D5692A331F29823C00086892 /* Debug */ = {
			isa = XCBuildConfiguration;
			buildSettings = {
				ALWAYS_EMBED_SWIFT_STANDARD_LIBRARIES = YES;
				DEVELOPMENT_TEAM = GJ4D5RTMQ2;
				INFOPLIST_FILE = AnimateTableViewCellUITests/Info.plist;
				LD_RUNPATH_SEARCH_PATHS = "$(inherited) @executable_path/Frameworks @loader_path/Frameworks";
				PRODUCT_BUNDLE_IDENTIFIER = "com.qj-vr.AnimateTableViewCellUITests";
				PRODUCT_NAME = "$(TARGET_NAME)";
				SWIFT_VERSION = 3.0;
				TEST_TARGET_NAME = AnimateTableViewCell;
			};
			name = Debug;
		};
		D5692A341F29823C00086892 /* Release */ = {
			isa = XCBuildConfiguration;
			buildSettings = {
				ALWAYS_EMBED_SWIFT_STANDARD_LIBRARIES = YES;
				DEVELOPMENT_TEAM = GJ4D5RTMQ2;
				INFOPLIST_FILE = AnimateTableViewCellUITests/Info.plist;
				LD_RUNPATH_SEARCH_PATHS = "$(inherited) @executable_path/Frameworks @loader_path/Frameworks";
				PRODUCT_BUNDLE_IDENTIFIER = "com.qj-vr.AnimateTableViewCellUITests";
				PRODUCT_NAME = "$(TARGET_NAME)";
				SWIFT_VERSION = 3.0;
				TEST_TARGET_NAME = AnimateTableViewCell;
			};
			name = Release;
		};
/* End XCBuildConfiguration section */

/* Begin XCConfigurationList section */
		D56929FF1F29823B00086892 /* Build configuration list for PBXProject "AnimateTableViewCell" */ = {
			isa = XCConfigurationList;
			buildConfigurations = (
				D5692A2A1F29823C00086892 /* Debug */,
				D5692A2B1F29823C00086892 /* Release */,
			);
			defaultConfigurationIsVisible = 0;
			defaultConfigurationName = Release;
		};
		D5692A2C1F29823C00086892 /* Build configuration list for PBXNativeTarget "AnimateTableViewCell" */ = {
			isa = XCConfigurationList;
			buildConfigurations = (
				D5692A2D1F29823C00086892 /* Debug */,
				D5692A2E1F29823C00086892 /* Release */,
			);
			defaultConfigurationIsVisible = 0;
		};
		D5692A2F1F29823C00086892 /* Build configuration list for PBXNativeTarget "AnimateTableViewCellTests" */ = {
			isa = XCConfigurationList;
			buildConfigurations = (
				D5692A301F29823C00086892 /* Debug */,
				D5692A311F29823C00086892 /* Release */,
			);
			defaultConfigurationIsVisible = 0;
		};
		D5692A321F29823C00086892 /* Build configuration list for PBXNativeTarget "AnimateTableViewCellUITests" */ = {
			isa = XCConfigurationList;
			buildConfigurations = (
				D5692A331F29823C00086892 /* Debug */,
				D5692A341F29823C00086892 /* Release */,
			);
			defaultConfigurationIsVisible = 0;
		};
/* End XCConfigurationList section */
	};
	rootObject = D56929FC1F29823B00086892 /* Project object */;
}
