// !$*UTF8*$!
{
	archiveVersion = 1;
	classes = {
	};
	objectVersion = 46;
	objects = {

/* Begin PBXBuildFile section */
		D51FCDE21ECD44D40009153D /* AppDelegate.swift in Sources */ = {isa = PBXBuildFile; fileRef = D51FCDE11ECD44D40009153D /* AppDelegate.swift */; };
		D51FCDE41ECD44D40009153D /* ViewController.swift in Sources */ = {isa = PBXBuildFile; fileRef = D51FCDE31ECD44D40009153D /* ViewController.swift */; };
		D51FCDE71ECD44D40009153D /* Main.storyboard in Resources */ = {isa = PBXBuildFile; fileRef = D51FCDE51ECD44D40009153D /* Main.storyboard */; };
		D51FCDE91ECD44D40009153D /* Assets.xcassets in Resources */ = {isa = PBXBuildFile; fileRef = D51FCDE81ECD44D40009153D /* Assets.xcassets */; };
		D51FCDEC1ECD44D40009153D /* LaunchScreen.storyboard in Resources */ = {isa = PBXBuildFile; fileRef = D51FCDEA1ECD44D40009153D /* LaunchScreen.storyboard */; };
		D51FCDF71ECD44D50009153D /* FoodTrackerTests.swift in Sources */ = {isa = PBXBuildFile; fileRef = D51FCDF61ECD44D50009153D /* FoodTrackerTests.swift */; };
		D55B51FF1ECDC2B6005807BE /* Meal.swift in Sources */ = {isa = PBXBuildFile; fileRef = D55B51FE1ECDC2B6005807BE /* Meal.swift */; };
		D579A9181ECD99AA008AA873 /* RatingControl.swift in Sources */ = {isa = PBXBuildFile; fileRef = D579A9171ECD99AA008AA873 /* RatingControl.swift */; };
/* End PBXBuildFile section */

/* Begin PBXContainerItemProxy section */
		D51FCDF31ECD44D50009153D /* PBXContainerItemProxy */ = {
			isa = PBXContainerItemProxy;
			containerPortal = D51FCDD61ECD44D30009153D /* Project object */;
			proxyType = 1;
			remoteGlobalIDString = D51FCDDD1ECD44D30009153D;
			remoteInfo = FoodTracker;
		};
/* End PBXContainerItemProxy section */

/* Begin PBXFileReference section */
		D51FCDDE1ECD44D40009153D /* FoodTracker.app */ = {isa = PBXFileReference; explicitFileType = wrapper.application; includeInIndex = 0; path = FoodTracker.app; sourceTree = BUILT_PRODUCTS_DIR; };
		D51FCDE11ECD44D40009153D /* AppDelegate.swift */ = {isa = PBXFileReference; lastKnownFileType = sourcecode.swift; path = AppDelegate.swift; sourceTree = "<group>"; };
		D51FCDE31ECD44D40009153D /* ViewController.swift */ = {isa = PBXFileReference; lastKnownFileType = sourcecode.swift; path = ViewController.swift; sourceTree = "<group>"; };
		D51FCDE61ECD44D40009153D /* Base */ = {isa = PBXFileReference; lastKnownFileType = file.storyboard; name = Base; path = Base.lproj/Main.storyboard; sourceTree = "<group>"; };
		D51FCDE81ECD44D40009153D /* Assets.xcassets */ = {isa = PBXFileReference; lastKnownFileType = folder.assetcatalog; path = Assets.xcassets; sourceTree = "<group>"; };
		D51FCDEB1ECD44D40009153D /* Base */ = {isa = PBXFileReference; lastKnownFileType = file.storyboard; name = Base; path = Base.lproj/LaunchScreen.storyboard; sourceTree = "<group>"; };
		D51FCDED1ECD44D40009153D /* Info.plist */ = {isa = PBXFileReference; lastKnownFileType = text.plist.xml; path = Info.plist; sourceTree = "<group>"; };
		D51FCDF21ECD44D50009153D /* FoodTrackerTests.xctest */ = {isa = PBXFileReference; explicitFileType = wrapper.cfbundle; includeInIndex = 0; path = FoodTrackerTests.xctest; sourceTree = BUILT_PRODUCTS_DIR; };
		D51FCDF61ECD44D50009153D /* FoodTrackerTests.swift */ = {isa = PBXFileReference; lastKnownFileType = sourcecode.swift; path = FoodTrackerTests.swift; sourceTree = "<group>"; };
		D51FCDF81ECD44D50009153D /* Info.plist */ = {isa = PBXFileReference; lastKnownFileType = text.plist.xml; path = Info.plist; sourceTree = "<group>"; };
		D55B51FE1ECDC2B6005807BE /* Meal.swift */ = {isa = PBXFileReference; fileEncoding = 4; lastKnownFileType = sourcecode.swift; path = Meal.swift; sourceTree = "<group>"; };
		D579A9171ECD99AA008AA873 /* RatingControl.swift */ = {isa = PBXFileReference; fileEncoding = 4; lastKnownFileType = sourcecode.swift; path = RatingControl.swift; sourceTree = "<group>"; };
/* End PBXFileReference section */

/* Begin PBXFrameworksBuildPhase section */
		D51FCDDB1ECD44D30009153D /* Frameworks */ = {
			isa = PBXFrameworksBuildPhase;
			buildActionMask = 2147483647;
			files = (
			);
			runOnlyForDeploymentPostprocessing = 0;
		};
		D51FCDEF1ECD44D50009153D /* Frameworks */ = {
			isa = PBXFrameworksBuildPhase;
			buildActionMask = 2147483647;
			files = (
			);
			runOnlyForDeploymentPostprocessing = 0;
		};
/* End PBXFrameworksBuildPhase section */

/* Begin PBXGroup section */
		D51FCDD51ECD44D30009153D = {
			isa = PBXGroup;
			children = (
				D51FCDE01ECD44D40009153D /* FoodTracker */,
				D51FCDF51ECD44D50009153D /* FoodTrackerTests */,
				D51FCDDF1ECD44D40009153D /* Products */,
			);
			sourceTree = "<group>";
		};
		D51FCDDF1ECD44D40009153D /* Products */ = {
			isa = PBXGroup;
			children = (
				D51FCDDE1ECD44D40009153D /* FoodTracker.app */,
				D51FCDF21ECD44D50009153D /* FoodTrackerTests.xctest */,
			);
			name = Products;
			sourceTree = "<group>";
		};
		D51FCDE01ECD44D40009153D /* FoodTracker */ = {
			isa = PBXGroup;
			children = (
				D51FCDE11ECD44D40009153D /* AppDelegate.swift */,
				D51FCDE31ECD44D40009153D /* ViewController.swift */,
				D579A9171ECD99AA008AA873 /* RatingControl.swift */,
				D55B51FE1ECDC2B6005807BE /* Meal.swift */,
				D51FCDE51ECD44D40009153D /* Main.storyboard */,
				D51FCDE81ECD44D40009153D /* Assets.xcassets */,
				D51FCDEA1ECD44D40009153D /* LaunchScreen.storyboard */,
				D51FCDED1ECD44D40009153D /* Info.plist */,
			);
			path = FoodTracker;
			sourceTree = "<group>";
		};
		D51FCDF51ECD44D50009153D /* FoodTrackerTests */ = {
			isa = PBXGroup;
			children = (
				D51FCDF61ECD44D50009153D /* FoodTrackerTests.swift */,
				D51FCDF81ECD44D50009153D /* Info.plist */,
			);
			path = FoodTrackerTests;
			sourceTree = "<group>";
		};
/* End PBXGroup section */

/* Begin PBXNativeTarget section */
		D51FCDDD1ECD44D30009153D /* FoodTracker */ = {
			isa = PBXNativeTarget;
			buildConfigurationList = D51FCDFB1ECD44D50009153D /* Build configuration list for PBXNativeTarget "FoodTracker" */;
			buildPhases = (
				D51FCDDA1ECD44D30009153D /* Sources */,
				D51FCDDB1ECD44D30009153D /* Frameworks */,
				D51FCDDC1ECD44D30009153D /* Resources */,
			);
			buildRules = (
			);
			dependencies = (
			);
			name = FoodTracker;
			productName = FoodTracker;
			productReference = D51FCDDE1ECD44D40009153D /* FoodTracker.app */;
			productType = "com.apple.product-type.application";
		};
		D51FCDF11ECD44D50009153D /* FoodTrackerTests */ = {
			isa = PBXNativeTarget;
			buildConfigurationList = D51FCDFE1ECD44D50009153D /* Build configuration list for PBXNativeTarget "FoodTrackerTests" */;
			buildPhases = (
				D51FCDEE1ECD44D50009153D /* Sources */,
				D51FCDEF1ECD44D50009153D /* Frameworks */,
				D51FCDF01ECD44D50009153D /* Resources */,
			);
			buildRules = (
			);
			dependencies = (
				D51FCDF41ECD44D50009153D /* PBXTargetDependency */,
			);
			name = FoodTrackerTests;
			productName = FoodTrackerTests;
			productReference = D51FCDF21ECD44D50009153D /* FoodTrackerTests.xctest */;
			productType = "com.apple.product-type.bundle.unit-test";
		};
/* End PBXNativeTarget section */

/* Begin PBXProject section */
		D51FCDD61ECD44D30009153D /* Project object */ = {
			isa = PBXProject;
			attributes = {
				LastSwiftUpdateCheck = 0820;
				LastUpgradeCheck = 0820;
				ORGANIZATIONNAME = "qj-vr";
				TargetAttributes = {
					D51FCDDD1ECD44D30009153D = {
						CreatedOnToolsVersion = 8.2.1;
						DevelopmentTeam = GJ4D5RTMQ2;
						ProvisioningStyle = Automatic;
					};
					D51FCDF11ECD44D50009153D = {
						CreatedOnToolsVersion = 8.2.1;
						DevelopmentTeam = GJ4D5RTMQ2;
						ProvisioningStyle = Automatic;
						TestTargetID = D51FCDDD1ECD44D30009153D;
					};
				};
			};
			buildConfigurationList = D51FCDD91ECD44D30009153D /* Build configuration list for PBXProject "FoodTracker" */;
			compatibilityVersion = "Xcode 3.2";
			developmentRegion = English;
			hasScannedForEncodings = 0;
			knownRegions = (
				en,
				Base,
			);
			mainGroup = D51FCDD51ECD44D30009153D;
			productRefGroup = D51FCDDF1ECD44D40009153D /* Products */;
			projectDirPath = "";
			projectRoot = "";
			targets = (
				D51FCDDD1ECD44D30009153D /* FoodTracker */,
				D51FCDF11ECD44D50009153D /* FoodTrackerTests */,
			);
		};
/* End PBXProject section */

/* Begin PBXResourcesBuildPhase section */
		D51FCDDC1ECD44D30009153D /* Resources */ = {
			isa = PBXResourcesBuildPhase;
			buildActionMask = 2147483647;
			files = (
				D51FCDEC1ECD44D40009153D /* LaunchScreen.storyboard in Resources */,
				D51FCDE91ECD44D40009153D /* Assets.xcassets in Resources */,
				D51FCDE71ECD44D40009153D /* Main.storyboard in Resources */,
			);
			runOnlyForDeploymentPostprocessing = 0;
		};
		D51FCDF01ECD44D50009153D /* Resources */ = {
			isa = PBXResourcesBuildPhase;
			buildActionMask = 2147483647;
			files = (
			);
			runOnlyForDeploymentPostprocessing = 0;
		};
/* End PBXResourcesBuildPhase section */

/* Begin PBXSourcesBuildPhase section */
		D51FCDDA1ECD44D30009153D /* Sources */ = {
			isa = PBXSourcesBuildPhase;
			buildActionMask = 2147483647;
			files = (
				D55B51FF1ECDC2B6005807BE /* Meal.swift in Sources */,
				D51FCDE41ECD44D40009153D /* ViewController.swift in Sources */,
				D579A9181ECD99AA008AA873 /* RatingControl.swift in Sources */,
				D51FCDE21ECD44D40009153D /* AppDelegate.swift in Sources */,
			);
			runOnlyForDeploymentPostprocessing = 0;
		};
		D51FCDEE1ECD44D50009153D /* Sources */ = {
			isa = PBXSourcesBuildPhase;
			buildActionMask = 2147483647;
			files = (
				D51FCDF71ECD44D50009153D /* FoodTrackerTests.swift in Sources */,
			);
			runOnlyForDeploymentPostprocessing = 0;
		};
/* End PBXSourcesBuildPhase section */

/* Begin PBXTargetDependency section */
		D51FCDF41ECD44D50009153D /* PBXTargetDependency */ = {
			isa = PBXTargetDependency;
			target = D51FCDDD1ECD44D30009153D /* FoodTracker */;
			targetProxy = D51FCDF31ECD44D50009153D /* PBXContainerItemProxy */;
		};
/* End PBXTargetDependency section */

/* Begin PBXVariantGroup section */
		D51FCDE51ECD44D40009153D /* Main.storyboard */ = {
			isa = PBXVariantGroup;
			children = (
				D51FCDE61ECD44D40009153D /* Base */,
			);
			name = Main.storyboard;
			sourceTree = "<group>";
		};
		D51FCDEA1ECD44D40009153D /* LaunchScreen.storyboard */ = {
			isa = PBXVariantGroup;
			children = (
				D51FCDEB1ECD44D40009153D /* Base */,
			);
			name = LaunchScreen.storyboard;
			sourceTree = "<group>";
		};
/* End PBXVariantGroup section */

/* Begin XCBuildConfiguration section */
		D51FCDF91ECD44D50009153D /* Debug */ = {
			isa = XCBuildConfiguration;
			buildSettings = {
				ALWAYS_SEARCH_USER_PATHS = NO;
				CLANG_ANALYZER_NONNULL = YES;
				CLANG_CXX_LANGUAGE_STANDARD = "gnu++0x";
				CLANG_CXX_LIBRARY = "libc++";
				CLANG_ENABLE_MODULES = YES;
				CLANG_ENABLE_OBJC_ARC = YES;
				CLANG_WARN_BOOL_CONVERSION = YES;
				CLANG_WARN_CONSTANT_CONVERSION = YES;
				CLANG_WARN_DIRECT_OBJC_ISA_USAGE = YES_ERROR;
				CLANG_WARN_DOCUMENTATION_COMMENTS = YES;
				CLANG_WARN_EMPTY_BODY = YES;
				CLANG_WARN_ENUM_CONVERSION = YES;
				CLANG_WARN_INFINITE_RECURSION = YES;
				CLANG_WARN_INT_CONVERSION = YES;
				CLANG_WARN_OBJC_ROOT_CLASS = YES_ERROR;
				CLANG_WARN_SUSPICIOUS_MOVE = YES;
				CLANG_WARN_UNREACHABLE_CODE = YES;
				CLANG_WARN__DUPLICATE_METHOD_MATCH = YES;
				"CODE_SIGN_IDENTITY[sdk=iphoneos*]" = "iPhone Developer";
				COPY_PHASE_STRIP = NO;
				DEBUG_INFORMATION_FORMAT = dwarf;
				ENABLE_STRICT_OBJC_MSGSEND = YES;
				ENABLE_TESTABILITY = YES;
				GCC_C_LANGUAGE_STANDARD = gnu99;
				GCC_DYNAMIC_NO_PIC = NO;
				GCC_NO_COMMON_BLOCKS = YES;
				GCC_OPTIMIZATION_LEVEL = 0;
				GCC_PREPROCESSOR_DEFINITIONS = (
					"DEBUG=1",
					"$(inherited)",
				);
				GCC_WARN_64_TO_32_BIT_CONVERSION = YES;
				GCC_WARN_ABOUT_RETURN_TYPE = YES_ERROR;
				GCC_WARN_UNDECLARED_SELECTOR = YES;
				GCC_WARN_UNINITIALIZED_AUTOS = YES_AGGRESSIVE;
				GCC_WARN_UNUSED_FUNCTION = YES;
				GCC_WARN_UNUSED_VARIABLE = YES;
				IPHONEOS_DEPLOYMENT_TARGET = 10.2;
				MTL_ENABLE_DEBUG_INFO = YES;
				ONLY_ACTIVE_ARCH = YES;
				SDKROOT = iphoneos;
				SWIFT_ACTIVE_COMPILATION_CONDITIONS = DEBUG;
				SWIFT_OPTIMIZATION_LEVEL = "-Onone";
				TARGETED_DEVICE_FAMILY = "1,2";
			};
			name = Debug;
		};
		D51FCDFA1ECD44D50009153D /* Release */ = {
			isa = XCBuildConfiguration;
			buildSettings = {
				ALWAYS_SEARCH_USER_PATHS = NO;
				CLANG_ANALYZER_NONNULL = YES;
				CLANG_CXX_LANGUAGE_STANDARD = "gnu++0x";
				CLANG_CXX_LIBRARY = "libc++";
				CLANG_ENABLE_MODULES = YES;
				CLANG_ENABLE_OBJC_ARC = YES;
				CLANG_WARN_BOOL_CONVERSION = YES;
				CLANG_WARN_CONSTANT_CONVERSION = YES;
				CLANG_WARN_DIRECT_OBJC_ISA_USAGE = YES_ERROR;
				CLANG_WARN_DOCUMENTATION_COMMENTS = YES;
				CLANG_WARN_EMPTY_BODY = YES;
				CLANG_WARN_ENUM_CONVERSION = YES;
				CLANG_WARN_INFINITE_RECURSION = YES;
				CLANG_WARN_INT_CONVERSION = YES;
				CLANG_WARN_OBJC_ROOT_CLASS = YES_ERROR;
				CLANG_WARN_SUSPICIOUS_MOVE = YES;
				CLANG_WARN_UNREACHABLE_CODE = YES;
				CLANG_WARN__DUPLICATE_METHOD_MATCH = YES;
				"CODE_SIGN_IDENTITY[sdk=iphoneos*]" = "iPhone Developer";
				COPY_PHASE_STRIP = NO;
				DEBUG_INFORMATION_FORMAT = "dwarf-with-dsym";
				ENABLE_NS_ASSERTIONS = NO;
				ENABLE_STRICT_OBJC_MSGSEND = YES;
				GCC_C_LANGUAGE_STANDARD = gnu99;
				GCC_NO_COMMON_BLOCKS = YES;
				GCC_WARN_64_TO_32_BIT_CONVERSION = YES;
				GCC_WARN_ABOUT_RETURN_TYPE = YES_ERROR;
				GCC_WARN_UNDECLARED_SELECTOR = YES;
				GCC_WARN_UNINITIALIZED_AUTOS = YES_AGGRESSIVE;
				GCC_WARN_UNUSED_FUNCTION = YES;
				GCC_WARN_UNUSED_VARIABLE = YES;
				IPHONEOS_DEPLOYMENT_TARGET = 10.2;
				MTL_ENABLE_DEBUG_INFO = NO;
				SDKROOT = iphoneos;
				SWIFT_OPTIMIZATION_LEVEL = "-Owholemodule";
				TARGETED_DEVICE_FAMILY = "1,2";
				VALIDATE_PRODUCT = YES;
			};
			name = Release;
		};
		D51FCDFC1ECD44D50009153D /* Debug */ = {
			isa = XCBuildConfiguration;
			buildSettings = {
				ASSETCATALOG_COMPILER_APPICON_NAME = AppIcon;
				DEVELOPMENT_TEAM = GJ4D5RTMQ2;
				INFOPLIST_FILE = FoodTracker/Info.plist;
				IPHONEOS_DEPLOYMENT_TARGET = 10.0;
				LD_RUNPATH_SEARCH_PATHS = "$(inherited) @executable_path/Frameworks";
				PRODUCT_BUNDLE_IDENTIFIER = "com.qj-vr.FoodTracker";
				PRODUCT_NAME = "$(TARGET_NAME)";
				SWIFT_VERSION = 3.0;
			};
			name = Debug;
		};
		D51FCDFD1ECD44D50009153D /* Release */ = {
			isa = XCBuildConfiguration;
			buildSettings = {
				ASSETCATALOG_COMPILER_APPICON_NAME = AppIcon;
				DEVELOPMENT_TEAM = GJ4D5RTMQ2;
				INFOPLIST_FILE = FoodTracker/Info.plist;
				IPHONEOS_DEPLOYMENT_TARGET = 10.0;
				LD_RUNPATH_SEARCH_PATHS = "$(inherited) @executable_path/Frameworks";
				PRODUCT_BUNDLE_IDENTIFIER = "com.qj-vr.FoodTracker";
				PRODUCT_NAME = "$(TARGET_NAME)";
				SWIFT_VERSION = 3.0;
			};
			name = Release;
		};
		D51FCDFF1ECD44D50009153D /* Debug */ = {
			isa = XCBuildConfiguration;
			buildSettings = {
				ALWAYS_EMBED_SWIFT_STANDARD_LIBRARIES = YES;
				BUNDLE_LOADER = "$(TEST_HOST)";
				DEVELOPMENT_TEAM = GJ4D5RTMQ2;
				INFOPLIST_FILE = FoodTrackerTests/Info.plist;
				LD_RUNPATH_SEARCH_PATHS = "$(inherited) @executable_path/Frameworks @loader_path/Frameworks";
				PRODUCT_BUNDLE_IDENTIFIER = "com.qj-vr.FoodTrackerTests";
				PRODUCT_NAME = "$(TARGET_NAME)";
				SWIFT_VERSION = 3.0;
				TEST_HOST = "$(BUILT_PRODUCTS_DIR)/FoodTracker.app/FoodTracker";
			};
			name = Debug;
		};
		D51FCE001ECD44D50009153D /* Release */ = {
			isa = XCBuildConfiguration;
			buildSettings = {
				ALWAYS_EMBED_SWIFT_STANDARD_LIBRARIES = YES;
				BUNDLE_LOADER = "$(TEST_HOST)";
				DEVELOPMENT_TEAM = GJ4D5RTMQ2;
				INFOPLIST_FILE = FoodTrackerTests/Info.plist;
				LD_RUNPATH_SEARCH_PATHS = "$(inherited) @executable_path/Frameworks @loader_path/Frameworks";
				PRODUCT_BUNDLE_IDENTIFIER = "com.qj-vr.FoodTrackerTests";
				PRODUCT_NAME = "$(TARGET_NAME)";
				SWIFT_VERSION = 3.0;
				TEST_HOST = "$(BUILT_PRODUCTS_DIR)/FoodTracker.app/FoodTracker";
			};
			name = Release;
		};
/* End XCBuildConfiguration section */

/* Begin XCConfigurationList section */
		D51FCDD91ECD44D30009153D /* Build configuration list for PBXProject "FoodTracker" */ = {
			isa = XCConfigurationList;
			buildConfigurations = (
				D51FCDF91ECD44D50009153D /* Debug */,
				D51FCDFA1ECD44D50009153D /* Release */,
			);
			defaultConfigurationIsVisible = 0;
			defaultConfigurationName = Release;
		};
		D51FCDFB1ECD44D50009153D /* Build configuration list for PBXNativeTarget "FoodTracker" */ = {
			isa = XCConfigurationList;
			buildConfigurations = (
				D51FCDFC1ECD44D50009153D /* Debug */,
				D51FCDFD1ECD44D50009153D /* Release */,
			);
			defaultConfigurationIsVisible = 0;
			defaultConfigurationName = Release;
		};
		D51FCDFE1ECD44D50009153D /* Build configuration list for PBXNativeTarget "FoodTrackerTests" */ = {
			isa = XCConfigurationList;
			buildConfigurations = (
				D51FCDFF1ECD44D50009153D /* Debug */,
				D51FCE001ECD44D50009153D /* Release */,
			);
			defaultConfigurationIsVisible = 0;
			defaultConfigurationName = Release;
		};
/* End XCConfigurationList section */
	};
	rootObject = D51FCDD61ECD44D30009153D /* Project object */;
}
